
Microsoft Visual Studio Solution File, Format Version 12.00
# Visual Studio Version 17
VisualStudioVersion = 17.0.31903.59
MinimumVisualStudioVersion = 10.0.40219.1
Project("{FAE04EC0-301F-11D3-BF4B-00C04F79EFBC}") = "AdventOfCode2025.Day1", "AdventOfCode2025.Day1\AdventOfCode2025.Day1.csproj", "{E30D828B-BB33-42FC-B877-7262B6AFBF0E}"
EndProject
Project("{FAE04EC0-301F-11D3-BF4B-00C04F79EFBC}") = "AdventOfCode2025.Day2", "AdventOfCode2025.Day2\AdventOfCode2025.Day2.csproj", "{ABECFC9E-C702-4B52-8EEE-D07C79F7B568}"
EndProject
Project("{FAE04EC0-301F-11D3-BF4B-00C04F79EFBC}") = "AdventOfCode2025.Day3", "AdventOfCode2025.Day3\AdventOfCode2025.Day3.csproj", "{D9574CB3-95C5-4ED6-A90F-C8E8E8240B39}"
EndProject
Project("{FAE04EC0-301F-11D3-BF4B-00C04F79EFBC}") = "AdventOfCode2025.Day4", "AdventOfCode2025.Day4\AdventOfCode2025.Day4.csproj", "{007B355B-406E-4407-9942-4619AE0594E9}"
EndProject
Project("{FAE04EC0-301F-11D3-BF4B-00C04F79EFBC}") = "AdventOfCode2025.Day5", "AdventOfCode2025.Day5\AdventOfCode2025.Day5.csproj", "{DF14AD14-DAE2-40A0-A669-AE03CE8E4A10}"
EndProject
Project("{FAE04EC0-301F-11D3-BF4B-00C04F79EFBC}") = "AdventOfCode2025.Day6", "AdventOfCode2025.Day6\AdventOfCode2025.Day6.csproj", "{FD22AE2F-C006-4AB8-BBC9-3A779BCB7501}"
EndProject
Project("{FAE04EC0-301F-11D3-BF4B-00C04F79EFBC}") = "AdventOfCode2025.Day7", "AdventOfCode2025.Day7\AdventOfCode2025.Day7.csproj", "{94C4E3D1-9B52-409B-A7BE-0B031039AED2}"
EndProject
Project("{FAE04EC0-301F-11D3-BF4B-00C04F79EFBC}") = "AdventOfCode2025.Day8", "AdventOfCode2025.Day8\AdventOfCode2025.Day8.csproj", "{22505CD9-4C3D-4BC2-A811-59688FE80AF9}"
EndProject
Project("{FAE04EC0-301F-11D3-BF4B-00C04F79EFBC}") = "AdventOfCode2025.Day9", "AdventOfCode2025.Day9\AdventOfCode2025.Day9.csproj", "{1FCA82A4-556B-4576-BF7C-C2987CE3C6BC}"
EndProject
Project("{FAE04EC0-301F-11D3-BF4B-00C04F79EFBC}") = "AdventOfCode2025.Day10", "AdventOfCode2025.Day10\AdventOfCode2025.Day10.csproj", "{A7E2146A-09BA-4930-9BE7-2D9CF1C0A2DF}"
EndProject
Global
	GlobalSection(SolutionConfigurationPlatforms) = preSolution
		Debug|Any CPU = Debug|Any CPU
		Debug|x64 = Debug|x64
		Debug|x86 = Debug|x86
		Release|Any CPU = Release|Any CPU
		Release|x64 = Release|x64
		Release|x86 = Release|x86
	EndGlobalSection
	GlobalSection(ProjectConfigurationPlatforms) = postSolution
		{E30D828B-BB33-42FC-B877-7262B6AFBF0E}.Debug|Any CPU.ActiveCfg = Debug|Any CPU
		{E30D828B-BB33-42FC-B877-7262B6AFBF0E}.Debug|Any CPU.Build.0 = Debug|Any CPU
		{E30D828B-BB33-42FC-B877-7262B6AFBF0E}.Debug|x64.ActiveCfg = Debug|Any CPU
		{E30D828B-BB33-42FC-B877-7262B6AFBF0E}.Debug|x64.Build.0 = Debug|Any CPU
		{E30D828B-BB33-42FC-B877-7262B6AFBF0E}.Debug|x86.ActiveCfg = Debug|Any CPU
		{E30D828B-BB33-42FC-B877-7262B6AFBF0E}.Debug|x86.Build.0 = Debug|Any CPU
		{E30D828B-BB33-42FC-B877-7262B6AFBF0E}.Release|Any CPU.ActiveCfg = Release|Any CPU
		{E30D828B-BB33-42FC-B877-7262B6AFBF0E}.Release|Any CPU.Build.0 = Release|Any CPU
		{E30D828B-BB33-42FC-B877-7262B6AFBF0E}.Release|x64.ActiveCfg = Release|Any CPU
		{E30D828B-BB33-42FC-B877-7262B6AFBF0E}.Release|x64.Build.0 = Release|Any CPU
		{E30D828B-BB33-42FC-B877-7262B6AFBF0E}.Release|x86.ActiveCfg = Release|Any CPU
		{E30D828B-BB33-42FC-B877-7262B6AFBF0E}.Release|x86.Build.0 = Release|Any CPU
		{ABECFC9E-C702-4B52-8EEE-D07C79F7B568}.Debug|Any CPU.ActiveCfg = Debug|Any CPU
		{ABECFC9E-C702-4B52-8EEE-D07C79F7B568}.Debug|Any CPU.Build.0 = Debug|Any CPU
		{ABECFC9E-C702-4B52-8EEE-D07C79F7B568}.Debug|x64.ActiveCfg = Debug|Any CPU
		{ABECFC9E-C702-4B52-8EEE-D07C79F7B568}.Debug|x64.Build.0 = Debug|Any CPU
		{ABECFC9E-C702-4B52-8EEE-D07C79F7B568}.Debug|x86.ActiveCfg = Debug|Any CPU
		{ABECFC9E-C702-4B52-8EEE-D07C79F7B568}.Debug|x86.Build.0 = Debug|Any CPU
		{ABECFC9E-C702-4B52-8EEE-D07C79F7B568}.Release|Any CPU.ActiveCfg = Release|Any CPU
		{ABECFC9E-C702-4B52-8EEE-D07C79F7B568}.Release|Any CPU.Build.0 = Release|Any CPU
		{ABECFC9E-C702-4B52-8EEE-D07C79F7B568}.Release|x64.ActiveCfg = Release|Any CPU
		{ABECFC9E-C702-4B52-8EEE-D07C79F7B568}.Release|x64.Build.0 = Release|Any CPU
		{ABECFC9E-C702-4B52-8EEE-D07C79F7B568}.Release|x86.ActiveCfg = Release|Any CPU
		{ABECFC9E-C702-4B52-8EEE-D07C79F7B568}.Release|x86.Build.0 = Release|Any CPU
		{D9574CB3-95C5-4ED6-A90F-C8E8E8240B39}.Debug|Any CPU.ActiveCfg = Debug|Any CPU
		{D9574CB3-95C5-4ED6-A90F-C8E8E8240B39}.Debug|Any CPU.Build.0 = Debug|Any CPU
		{D9574CB3-95C5-4ED6-A90F-C8E8E8240B39}.Debug|x64.ActiveCfg = Debug|Any CPU
		{D9574CB3-95C5-4ED6-A90F-C8E8E8240B39}.Debug|x64.Build.0 = Debug|Any CPU
		{D9574CB3-95C5-4ED6-A90F-C8E8E8240B39}.Debug|x86.ActiveCfg = Debug|Any CPU
		{D9574CB3-95C5-4ED6-A90F-C8E8E8240B39}.Debug|x86.Build.0 = Debug|Any CPU
		{D9574CB3-95C5-4ED6-A90F-C8E8E8240B39}.Release|Any CPU.ActiveCfg = Release|Any CPU
		{D9574CB3-95C5-4ED6-A90F-C8E8E8240B39}.Release|Any CPU.Build.0 = Release|Any CPU
		{D9574CB3-95C5-4ED6-A90F-C8E8E8240B39}.Release|x64.ActiveCfg = Release|Any CPU
		{D9574CB3-95C5-4ED6-A90F-C8E8E8240B39}.Release|x64.Build.0 = Release|Any CPU
		{D9574CB3-95C5-4ED6-A90F-C8E8E8240B39}.Release|x86.ActiveCfg = Release|Any CPU
		{D9574CB3-95C5-4ED6-A90F-C8E8E8240B39}.Release|x86.Build.0 = Release|Any CPU
		{007B355B-406E-4407-9942-4619AE0594E9}.Debug|Any CPU.ActiveCfg = Debug|Any CPU
		{007B355B-406E-4407-9942-4619AE0594E9}.Debug|Any CPU.Build.0 = Debug|Any CPU
		{007B355B-406E-4407-9942-4619AE0594E9}.Debug|x64.ActiveCfg = Debug|Any CPU
		{007B355B-406E-4407-9942-4619AE0594E9}.Debug|x64.Build.0 = Debug|Any CPU
		{007B355B-406E-4407-9942-4619AE0594E9}.Debug|x86.ActiveCfg = Debug|Any CPU
		{007B355B-406E-4407-9942-4619AE0594E9}.Debug|x86.Build.0 = Debug|Any CPU
		{007B355B-406E-4407-9942-4619AE0594E9}.Release|Any CPU.ActiveCfg = Release|Any CPU
		{007B355B-406E-4407-9942-4619AE0594E9}.Release|Any CPU.Build.0 = Release|Any CPU
		{007B355B-406E-4407-9942-4619AE0594E9}.Release|x64.ActiveCfg = Release|Any CPU
		{007B355B-406E-4407-9942-4619AE0594E9}.Release|x64.Build.0 = Release|Any CPU
		{007B355B-406E-4407-9942-4619AE0594E9}.Release|x86.ActiveCfg = Release|Any CPU
		{007B355B-406E-4407-9942-4619AE0594E9}.Release|x86.Build.0 = Release|Any CPU
		{DF14AD14-DAE2-40A0-A669-AE03CE8E4A10}.Debug|Any CPU.ActiveCfg = Debug|Any CPU
		{DF14AD14-DAE2-40A0-A669-AE03CE8E4A10}.Debug|Any CPU.Build.0 = Debug|Any CPU
		{DF14AD14-DAE2-40A0-A669-AE03CE8E4A10}.Debug|x64.ActiveCfg = Debug|Any CPU
		{DF14AD14-DAE2-40A0-A669-AE03CE8E4A10}.Debug|x64.Build.0 = Debug|Any CPU
		{DF14AD14-DAE2-40A0-A669-AE03CE8E4A10}.Debug|x86.ActiveCfg = Debug|Any CPU
		{DF14AD14-DAE2-40A0-A669-AE03CE8E4A10}.Debug|x86.Build.0 = Debug|Any CPU
		{DF14AD14-DAE2-40A0-A669-AE03CE8E4A10}.Release|Any CPU.ActiveCfg = Release|Any CPU
		{DF14AD14-DAE2-40A0-A669-AE03CE8E4A10}.Release|Any CPU.Build.0 = Release|Any CPU
		{DF14AD14-DAE2-40A0-A669-AE03CE8E4A10}.Release|x64.ActiveCfg = Release|Any CPU
		{DF14AD14-DAE2-40A0-A669-AE03CE8E4A10}.Release|x64.Build.0 = Release|Any CPU
		{DF14AD14-DAE2-40A0-A669-AE03CE8E4A10}.Release|x86.ActiveCfg = Release|Any CPU
		{DF14AD14-DAE2-40A0-A669-AE03CE8E4A10}.Release|x86.Build.0 = Release|Any CPU
		{FD22AE2F-C006-4AB8-BBC9-3A779BCB7501}.Debug|Any CPU.ActiveCfg = Debug|Any CPU
		{FD22AE2F-C006-4AB8-BBC9-3A779BCB7501}.Debug|Any CPU.Build.0 = Debug|Any CPU
		{FD22AE2F-C006-4AB8-BBC9-3A779BCB7501}.Debug|x64.ActiveCfg = Debug|Any CPU
		{FD22AE2F-C006-4AB8-BBC9-3A779BCB7501}.Debug|x64.Build.0 = Debug|Any CPU
		{FD22AE2F-C006-4AB8-BBC9-3A779BCB7501}.Debug|x86.ActiveCfg = Debug|Any CPU
		{FD22AE2F-C006-4AB8-BBC9-3A779BCB7501}.Debug|x86.Build.0 = Debug|Any CPU
		{FD22AE2F-C006-4AB8-BBC9-3A779BCB7501}.Release|Any CPU.ActiveCfg = Release|Any CPU
		{FD22AE2F-C006-4AB8-BBC9-3A779BCB7501}.Release|Any CPU.Build.0 = Release|Any CPU
		{FD22AE2F-C006-4AB8-BBC9-3A779BCB7501}.Release|x64.ActiveCfg = Release|Any CPU
		{FD22AE2F-C006-4AB8-BBC9-3A779BCB7501}.Release|x64.Build.0 = Release|Any CPU
		{FD22AE2F-C006-4AB8-BBC9-3A779BCB7501}.Release|x86.ActiveCfg = Release|Any CPU
		{FD22AE2F-C006-4AB8-BBC9-3A779BCB7501}.Release|x86.Build.0 = Release|Any CPU
		{94C4E3D1-9B52-409B-A7BE-0B031039AED2}.Debug|Any CPU.ActiveCfg = Debug|Any CPU
		{94C4E3D1-9B52-409B-A7BE-0B031039AED2}.Debug|Any CPU.Build.0 = Debug|Any CPU
		{94C4E3D1-9B52-409B-A7BE-0B031039AED2}.Debug|x64.ActiveCfg = Debug|Any CPU
		{94C4E3D1-9B52-409B-A7BE-0B031039AED2}.Debug|x64.Build.0 = Debug|Any CPU
		{94C4E3D1-9B52-409B-A7BE-0B031039AED2}.Debug|x86.ActiveCfg = Debug|Any CPU
		{94C4E3D1-9B52-409B-A7BE-0B031039AED2}.Debug|x86.Build.0 = Debug|Any CPU
		{94C4E3D1-9B52-409B-A7BE-0B031039AED2}.Release|Any CPU.ActiveCfg = Release|Any CPU
		{94C4E3D1-9B52-409B-A7BE-0B031039AED2}.Release|Any CPU.Build.0 = Release|Any CPU
		{94C4E3D1-9B52-409B-A7BE-0B031039AED2}.Release|x64.ActiveCfg = Release|Any CPU
		{94C4E3D1-9B52-409B-A7BE-0B031039AED2}.Release|x64.Build.0 = Release|Any CPU
		{94C4E3D1-9B52-409B-A7BE-0B031039AED2}.Release|x86.ActiveCfg = Release|Any CPU
		{94C4E3D1-9B52-409B-A7BE-0B031039AED2}.Release|x86.Build.0 = Release|Any CPU
		{22505CD9-4C3D-4BC2-A811-59688FE80AF9}.Debug|Any CPU.ActiveCfg = Debug|Any CPU
		{22505CD9-4C3D-4BC2-A811-59688FE80AF9}.Debug|Any CPU.Build.0 = Debug|Any CPU
		{22505CD9-4C3D-4BC2-A811-59688FE80AF9}.Debug|x64.ActiveCfg = Debug|Any CPU
		{22505CD9-4C3D-4BC2-A811-59688FE80AF9}.Debug|x64.Build.0 = Debug|Any CPU
		{22505CD9-4C3D-4BC2-A811-59688FE80AF9}.Debug|x86.ActiveCfg = Debug|Any CPU
		{22505CD9-4C3D-4BC2-A811-59688FE80AF9}.Debug|x86.Build.0 = Debug|Any CPU
		{22505CD9-4C3D-4BC2-A811-59688FE80AF9}.Release|Any CPU.ActiveCfg = Release|Any CPU
		{22505CD9-4C3D-4BC2-A811-59688FE80AF9}.Release|Any CPU.Build.0 = Release|Any CPU
		{22505CD9-4C3D-4BC2-A811-59688FE80AF9}.Release|x64.ActiveCfg = Release|Any CPU
		{22505CD9-4C3D-4BC2-A811-59688FE80AF9}.Release|x64.Build.0 = Release|Any CPU
		{22505CD9-4C3D-4BC2-A811-59688FE80AF9}.Release|x86.ActiveCfg = Release|Any CPU
		{22505CD9-4C3D-4BC2-A811-59688FE80AF9}.Release|x86.Build.0 = Release|Any CPU
		{1FCA82A4-556B-4576-BF7C-C2987CE3C6BC}.Debug|Any CPU.ActiveCfg = Debug|Any CPU
		{1FCA82A4-556B-4576-BF7C-C2987CE3C6BC}.Debug|Any CPU.Build.0 = Debug|Any CPU
		{1FCA82A4-556B-4576-BF7C-C2987CE3C6BC}.Debug|x64.ActiveCfg = Debug|Any CPU
		{1FCA82A4-556B-4576-BF7C-C2987CE3C6BC}.Debug|x64.Build.0 = Debug|Any CPU
		{1FCA82A4-556B-4576-BF7C-C2987CE3C6BC}.Debug|x86.ActiveCfg = Debug|Any CPU
		{1FCA82A4-556B-4576-BF7C-C2987CE3C6BC}.Debug|x86.Build.0 = Debug|Any CPU
		{1FCA82A4-556B-4576-BF7C-C2987CE3C6BC}.Release|Any CPU.ActiveCfg = Release|Any CPU
		{1FCA82A4-556B-4576-BF7C-C2987CE3C6BC}.Release|Any CPU.Build.0 = Release|Any CPU
		{1FCA82A4-556B-4576-BF7C-C2987CE3C6BC}.Release|x64.ActiveCfg = Release|Any CPU
		{1FCA82A4-556B-4576-BF7C-C2987CE3C6BC}.Release|x64.Build.0 = Release|Any CPU
		{1FCA82A4-556B-4576-BF7C-C2987CE3C6BC}.Release|x86.ActiveCfg = Release|Any CPU
		{1FCA82A4-556B-4576-BF7C-C2987CE3C6BC}.Release|x86.Build.0 = Release|Any CPU
		{A7E2146A-09BA-4930-9BE7-2D9CF1C0A2DF}.Debug|Any CPU.ActiveCfg = Debug|Any CPU
		{A7E2146A-09BA-4930-9BE7-2D9CF1C0A2DF}.Debug|Any CPU.Build.0 = Debug|Any CPU
		{A7E2146A-09BA-4930-9BE7-2D9CF1C0A2DF}.Debug|x64.ActiveCfg = Debug|Any CPU
		{A7E2146A-09BA-4930-9BE7-2D9CF1C0A2DF}.Debug|x64.Build.0 = Debug|Any CPU
		{A7E2146A-09BA-4930-9BE7-2D9CF1C0A2DF}.Debug|x86.ActiveCfg = Debug|Any CPU
		{A7E2146A-09BA-4930-9BE7-2D9CF1C0A2DF}.Debug|x86.Build.0 = Debug|Any CPU
		{A7E2146A-09BA-4930-9BE7-2D9CF1C0A2DF}.Release|Any CPU.ActiveCfg = Release|Any CPU
		{A7E2146A-09BA-4930-9BE7-2D9CF1C0A2DF}.Release|Any CPU.Build.0 = Release|Any CPU
		{A7E2146A-09BA-4930-9BE7-2D9CF1C0A2DF}.Release|x64.ActiveCfg = Release|Any CPU
		{A7E2146A-09BA-4930-9BE7-2D9CF1C0A2DF}.Release|x64.Build.0 = Release|Any CPU
		{A7E2146A-09BA-4930-9BE7-2D9CF1C0A2DF}.Release|x86.ActiveCfg = Release|Any CPU
		{A7E2146A-09BA-4930-9BE7-2D9CF1C0A2DF}.Release|x86.Build.0 = Release|Any CPU
	EndGlobalSection
	GlobalSection(SolutionProperties) = preSolution
		HideSolutionNode = FALSE
	EndGlobalSection
EndGlobal
