
Microsoft Visual Studio Solution File, Format Version 12.00
# Visual Studio Version 17
VisualStudioVersion = 17.0.31903.59
MinimumVisualStudioVersion = 10.0.40219.1
Project("{FAE04EC0-301F-11D3-BF4B-00C04F79EFBC}") = "AdventOfCode2025.Day1", "AdventOfCode2025.Day1\AdventOfCode2025.Day1.csproj", "{E30D828B-BB33-42FC-B877-7262B6AFBF0E}"
EndProject
Project("{FAE04EC0-301F-11D3-BF4B-00C04F79EFBC}") = "AdventOfCode2025.Day2", "AdventOfCode2025.Day2\AdventOfCode2025.Day2.csproj", "{ABECFC9E-C702-4B52-8EEE-D07C79F7B568}"
EndProject
Project("{FAE04EC0-301F-11D3-BF4B-00C04F79EFBC}") = "AdventOfCode2025.Day3", "AdventOfCode2025.Day3\AdventOfCode2025.Day3.csproj", "{D9574CB3-95C5-4ED6-A90F-C8E8E8240B39}"
EndProject
Global
	GlobalSection(SolutionConfigurationPlatforms) = preSolution
		Debug|Any CPU = Debug|Any CPU
		Debug|x64 = Debug|x64
		Debug|x86 = Debug|x86
		Release|Any CPU = Release|Any CPU
		Release|x64 = Release|x64
		Release|x86 = Release|x86
	EndGlobalSection
	GlobalSection(ProjectConfigurationPlatforms) = postSolution
		{E30D828B-BB33-42FC-B877-7262B6AFBF0E}.Debug|Any CPU.ActiveCfg = Debug|Any CPU
		{E30D828B-BB33-42FC-B877-7262B6AFBF0E}.Debug|Any CPU.Build.0 = Debug|Any CPU
		{E30D828B-BB33-42FC-B877-7262B6AFBF0E}.Debug|x64.ActiveCfg = Debug|Any CPU
		{E30D828B-BB33-42FC-B877-7262B6AFBF0E}.Debug|x64.Build.0 = Debug|Any CPU
		{E30D828B-BB33-42FC-B877-7262B6AFBF0E}.Debug|x86.ActiveCfg = Debug|Any CPU
		{E30D828B-BB33-42FC-B877-7262B6AFBF0E}.Debug|x86.Build.0 = Debug|Any CPU
		{E30D828B-BB33-42FC-B877-7262B6AFBF0E}.Release|Any CPU.ActiveCfg = Release|Any CPU
		{E30D828B-BB33-42FC-B877-7262B6AFBF0E}.Release|Any CPU.Build.0 = Release|Any CPU
		{E30D828B-BB33-42FC-B877-7262B6AFBF0E}.Release|x64.ActiveCfg = Release|Any CPU
		{E30D828B-BB33-42FC-B877-7262B6AFBF0E}.Release|x64.Build.0 = Release|Any CPU
		{E30D828B-BB33-42FC-B877-7262B6AFBF0E}.Release|x86.ActiveCfg = Release|Any CPU
		{E30D828B-BB33-42FC-B877-7262B6AFBF0E}.Release|x86.Build.0 = Release|Any CPU
		{ABECFC9E-C702-4B52-8EEE-D07C79F7B568}.Debug|Any CPU.ActiveCfg = Debug|Any CPU
		{ABECFC9E-C702-4B52-8EEE-D07C79F7B568}.Debug|Any CPU.Build.0 = Debug|Any CPU
		{ABECFC9E-C702-4B52-8EEE-D07C79F7B568}.Debug|x64.ActiveCfg = Debug|Any CPU
		{ABECFC9E-C702-4B52-8EEE-D07C79F7B568}.Debug|x64.Build.0 = Debug|Any CPU
		{ABECFC9E-C702-4B52-8EEE-D07C79F7B568}.Debug|x86.ActiveCfg = Debug|Any CPU
		{ABECFC9E-C702-4B52-8EEE-D07C79F7B568}.Debug|x86.Build.0 = Debug|Any CPU
		{ABECFC9E-C702-4B52-8EEE-D07C79F7B568}.Release|Any CPU.ActiveCfg = Release|Any CPU
		{ABECFC9E-C702-4B52-8EEE-D07C79F7B568}.Release|Any CPU.Build.0 = Release|Any CPU
		{ABECFC9E-C702-4B52-8EEE-D07C79F7B568}.Release|x64.ActiveCfg = Release|Any CPU
		{ABECFC9E-C702-4B52-8EEE-D07C79F7B568}.Release|x64.Build.0 = Release|Any CPU
		{ABECFC9E-C702-4B52-8EEE-D07C79F7B568}.Release|x86.ActiveCfg = Release|Any CPU
		{ABECFC9E-C702-4B52-8EEE-D07C79F7B568}.Release|x86.Build.0 = Release|Any CPU
		{D9574CB3-95C5-4ED6-A90F-C8E8E8240B39}.Debug|Any CPU.ActiveCfg = Debug|Any CPU
		{D9574CB3-95C5-4ED6-A90F-C8E8E8240B39}.Debug|Any CPU.Build.0 = Debug|Any CPU
		{D9574CB3-95C5-4ED6-A90F-C8E8E8240B39}.Debug|x64.ActiveCfg = Debug|Any CPU
		{D9574CB3-95C5-4ED6-A90F-C8E8E8240B39}.Debug|x64.Build.0 = Debug|Any CPU
		{D9574CB3-95C5-4ED6-A90F-C8E8E8240B39}.Debug|x86.ActiveCfg = Debug|Any CPU
		{D9574CB3-95C5-4ED6-A90F-C8E8E8240B39}.Debug|x86.Build.0 = Debug|Any CPU
		{D9574CB3-95C5-4ED6-A90F-C8E8E8240B39}.Release|Any CPU.ActiveCfg = Release|Any CPU
		{D9574CB3-95C5-4ED6-A90F-C8E8E8240B39}.Release|Any CPU.Build.0 = Release|Any CPU
		{D9574CB3-95C5-4ED6-A90F-C8E8E8240B39}.Release|x64.ActiveCfg = Release|Any CPU
		{D9574CB3-95C5-4ED6-A90F-C8E8E8240B39}.Release|x64.Build.0 = Release|Any CPU
		{D9574CB3-95C5-4ED6-A90F-C8E8E8240B39}.Release|x86.ActiveCfg = Release|Any CPU
		{D9574CB3-95C5-4ED6-A90F-C8E8E8240B39}.Release|x86.Build.0 = Release|Any CPU
	EndGlobalSection
	GlobalSection(SolutionProperties) = preSolution
		HideSolutionNode = FALSE
	EndGlobalSection
EndGlobal
